
Microsoft Visual Studio Solution File, Format Version 11.00
# Visual Studio 2010
Project("{FAE04EC0-301F-11D3-BF4B-00C04F79EFBC}") = "projekt6", "projekt6\projekt6.csproj", "{32301755-4150-435C-9488-EBE867E7B5F3}"
EndProject
Global
	GlobalSection(SolutionConfigurationPlatforms) = preSolution
		Debug|x86 = Debug|x86
		Release|x86 = Release|x86
	EndGlobalSection
	GlobalSection(ProjectConfigurationPlatforms) = postSolution
		{32301755-4150-435C-9488-EBE867E7B5F3}.Debug|x86.ActiveCfg = Debug|x86
		{32301755-4150-435C-9488-EBE867E7B5F3}.Debug|x86.Build.0 = Debug|x86
		{32301755-4150-435C-9488-EBE867E7B5F3}.Release|x86.ActiveCfg = Release|x86
		{32301755-4150-435C-9488-EBE867E7B5F3}.Release|x86.Build.0 = Release|x86
	EndGlobalSection
	GlobalSection(SolutionProperties) = preSolution
		HideSolutionNode = FALSE
	EndGlobalSection
EndGlobal
